// !$*UTF8*$!
{
	archiveVersion = 1;
	classes = {
	};
	objectVersion = 77;
	objects = {

/* Begin PBXBuildFile section */
		56D6FDFF2DF91CB200E6BF6C /* ContentView.swift in Sources */ = {isa = PBXBuildFile; fileRef = 56D6FDFC2DF91CB200E6BF6C /* ContentView.swift */; };
		56D6FE002DF91CB200E6BF6C /* SwiftUI_Question_ExampleApp.swift in Sources */ = {isa = PBXBuildFile; fileRef = 56D6FDFD2DF91CB200E6BF6C /* SwiftUI_Question_ExampleApp.swift */; };
		56D6FE012DF91CB200E6BF6C /* Preview Assets.xcassets in Resources */ = {isa = PBXBuildFile; fileRef = 56D6FDF92DF91CB200E6BF6C /* Preview Assets.xcassets */; };
		56D6FE022DF91CB200E6BF6C /* Assets.xcassets in Resources */ = {isa = PBXBuildFile; fileRef = 56D6FDFB2DF91CB200E6BF6C /* Assets.xcassets */; };
		56D6FE062DF91D9E00E6BF6C /* README.md in Resources */ = {isa = PBXBuildFile; fileRef = 56D6FE052DF91D9E00E6BF6C /* README.md */; };
		56D6FE082DF9240C00E6BF6C /* Question 1.swift in Sources */ = {isa = PBXBuildFile; fileRef = 56D6FE072DF9240300E6BF6C /* Question 1.swift */; };
/* End PBXBuildFile section */

/* Begin PBXFileReference section */
		56D6FDDF2DF91C0D00E6BF6C /* SwiftUI_Question_Example.app */ = {isa = PBXFileReference; explicitFileType = wrapper.application; includeInIndex = 0; path = SwiftUI_Question_Example.app; sourceTree = BUILT_PRODUCTS_DIR; };
		56D6FDF92DF91CB200E6BF6C /* Preview Assets.xcassets */ = {isa = PBXFileReference; lastKnownFileType = folder.assetcatalog; path = "Preview Assets.xcassets"; sourceTree = "<group>"; };
		56D6FDFB2DF91CB200E6BF6C /* Assets.xcassets */ = {isa = PBXFileReference; lastKnownFileType = folder.assetcatalog; path = Assets.xcassets; sourceTree = "<group>"; };
		56D6FDFC2DF91CB200E6BF6C /* ContentView.swift */ = {isa = PBXFileReference; lastKnownFileType = sourcecode.swift; path = ContentView.swift; sourceTree = "<group>"; };
		56D6FDFD2DF91CB200E6BF6C /* SwiftUI_Question_ExampleApp.swift */ = {isa = PBXFileReference; lastKnownFileType = sourcecode.swift; path = SwiftUI_Question_ExampleApp.swift; sourceTree = "<group>"; };
		56D6FE052DF91D9E00E6BF6C /* README.md */ = {isa = PBXFileReference; lastKnownFileType = net.daringfireball.markdown; path = README.md; sourceTree = "<group>"; };
		56D6FE072DF9240300E6BF6C /* Question 1.swift */ = {isa = PBXFileReference; lastKnownFileType = sourcecode.swift; path = "Question 1.swift"; sourceTree = "<group>"; };
/* End PBXFileReference section */

/* Begin PBXFrameworksBuildPhase section */
		56D6FDDC2DF91C0D00E6BF6C /* Frameworks */ = {
			isa = PBXFrameworksBuildPhase;
			buildActionMask = 2147483647;
			files = (
			);
			runOnlyForDeploymentPostprocessing = 0;
		};
/* End PBXFrameworksBuildPhase section */

/* Begin PBXGroup section */
		56D6FDD62DF91C0D00E6BF6C = {
			isa = PBXGroup;
			children = (
				56D6FDFE2DF91CB200E6BF6C /* SwiftUI_Question_Example */,
				56D6FDE02DF91C0D00E6BF6C /* Products */,
			);
			sourceTree = "<group>";
		};
		56D6FDE02DF91C0D00E6BF6C /* Products */ = {
			isa = PBXGroup;
			children = (
				56D6FDDF2DF91C0D00E6BF6C /* SwiftUI_Question_Example.app */,
			);
			name = Products;
			sourceTree = "<group>";
		};
		56D6FDFA2DF91CB200E6BF6C /* ScrollView embedded drag gesture conflict */ = {
			isa = PBXGroup;
			children = (
				56D6FE042DF91D3C00E6BF6C /* Solution 1 */,
				56D6FE032DF91D1C00E6BF6C /* question */,
				56D6FDF92DF91CB200E6BF6C /* Preview Assets.xcassets */,
				56D6FE052DF91D9E00E6BF6C /* README.md */,
			);
			path = "ScrollView embedded drag gesture conflict";
			sourceTree = "<group>";
		};
		56D6FDFE2DF91CB200E6BF6C /* SwiftUI_Question_Example */ = {
			isa = PBXGroup;
			children = (
				56D6FDFA2DF91CB200E6BF6C /* ScrollView embedded drag gesture conflict */,
				56D6FDFB2DF91CB200E6BF6C /* Assets.xcassets */,
				56D6FDFC2DF91CB200E6BF6C /* ContentView.swift */,
				56D6FDFD2DF91CB200E6BF6C /* SwiftUI_Question_ExampleApp.swift */,
			);
			path = SwiftUI_Question_Example;
			sourceTree = "<group>";
		};
		56D6FE032DF91D1C00E6BF6C /* question */ = {
			isa = PBXGroup;
			children = (
				56D6FE072DF9240300E6BF6C /* Question 1.swift */,
			);
			path = question;
			sourceTree = "<group>";
		};
		56D6FE042DF91D3C00E6BF6C /* Solution 1 */ = {
			isa = PBXGroup;
			children = (
			);
			path = "Solution 1";
			sourceTree = "<group>";
		};
/* End PBXGroup section */

/* Begin PBXNativeTarget section */
		56D6FDDE2DF91C0D00E6BF6C /* SwiftUI_Question_Example */ = {
			isa = PBXNativeTarget;
			buildConfigurationList = 56D6FDED2DF91C1000E6BF6C /* Build configuration list for PBXNativeTarget "SwiftUI_Question_Example" */;
			buildPhases = (
				56D6FDDB2DF91C0D00E6BF6C /* Sources */,
				56D6FDDC2DF91C0D00E6BF6C /* Frameworks */,
				56D6FDDD2DF91C0D00E6BF6C /* Resources */,
			);
			buildRules = (
			);
			dependencies = (
			);
			name = SwiftUI_Question_Example;
			packageProductDependencies = (
			);
			productName = SwiftUI_Question_Example;
			productReference = 56D6FDDF2DF91C0D00E6BF6C /* SwiftUI_Question_Example.app */;
			productType = "com.apple.product-type.application";
		};
/* End PBXNativeTarget section */

/* Begin PBXProject section */
		56D6FDD72DF91C0D00E6BF6C /* Project object */ = {
			isa = PBXProject;
			attributes = {
				BuildIndependentTargetsInParallel = 1;
				LastSwiftUpdateCheck = 1600;
				LastUpgradeCheck = 1600;
				TargetAttributes = {
					56D6FDDE2DF91C0D00E6BF6C = {
						CreatedOnToolsVersion = 16.0;
					};
				};
			};
			buildConfigurationList = 56D6FDDA2DF91C0D00E6BF6C /* Build configuration list for PBXProject "SwiftUI_Question_Example" */;
			developmentRegion = en;
			hasScannedForEncodings = 0;
			knownRegions = (
				en,
				Base,
			);
			mainGroup = 56D6FDD62DF91C0D00E6BF6C;
			minimizedProjectReferenceProxies = 1;
			preferredProjectObjectVersion = 77;
			productRefGroup = 56D6FDE02DF91C0D00E6BF6C /* Products */;
			projectDirPath = "";
			projectRoot = "";
			targets = (
				56D6FDDE2DF91C0D00E6BF6C /* SwiftUI_Question_Example */,
			);
		};
/* End PBXProject section */

/* Begin PBXResourcesBuildPhase section */
		56D6FDDD2DF91C0D00E6BF6C /* Resources */ = {
			isa = PBXResourcesBuildPhase;
			buildActionMask = 2147483647;
			files = (
				56D6FE062DF91D9E00E6BF6C /* README.md in Resources */,
				56D6FE012DF91CB200E6BF6C /* Preview Assets.xcassets in Resources */,
				56D6FE022DF91CB200E6BF6C /* Assets.xcassets in Resources */,
			);
			runOnlyForDeploymentPostprocessing = 0;
		};
/* End PBXResourcesBuildPhase section */

/* Begin PBXSourcesBuildPhase section */
		56D6FDDB2DF91C0D00E6BF6C /* Sources */ = {
			isa = PBXSourcesBuildPhase;
			buildActionMask = 2147483647;
			files = (
				56D6FDFF2DF91CB200E6BF6C /* ContentView.swift in Sources */,
				56D6FE002DF91CB200E6BF6C /* SwiftUI_Question_ExampleApp.swift in Sources */,
				56D6FE082DF9240C00E6BF6C /* Question 1.swift in Sources */,
			);
			runOnlyForDeploymentPostprocessing = 0;
		};
/* End PBXSourcesBuildPhase section */

/* Begin XCBuildConfiguration section */
		56D6FDEB2DF91C1000E6BF6C /* Debug */ = {
			isa = XCBuildConfiguration;
			buildSettings = {
				ALWAYS_SEARCH_USER_PATHS = NO;
				ASSETCATALOG_COMPILER_GENERATE_SWIFT_ASSET_SYMBOL_EXTENSIONS = YES;
				CLANG_ANALYZER_NONNULL = YES;
				CLANG_ANALYZER_NUMBER_OBJECT_CONVERSION = YES_AGGRESSIVE;
				CLANG_CXX_LANGUAGE_STANDARD = "gnu++20";
				CLANG_ENABLE_MODULES = YES;
				CLANG_ENABLE_OBJC_ARC = YES;
				CLANG_ENABLE_OBJC_WEAK = YES;
				CLANG_WARN_BLOCK_CAPTURE_AUTORELEASING = YES;
				CLANG_WARN_BOOL_CONVERSION = YES;
				CLANG_WARN_COMMA = YES;
				CLANG_WARN_CONSTANT_CONVERSION = YES;
				CLANG_WARN_DEPRECATED_OBJC_IMPLEMENTATIONS = YES;
				CLANG_WARN_DIRECT_OBJC_ISA_USAGE = YES_ERROR;
				CLANG_WARN_DOCUMENTATION_COMMENTS = YES;
				CLANG_WARN_EMPTY_BODY = YES;
				CLANG_WARN_ENUM_CONVERSION = YES;
				CLANG_WARN_INFINITE_RECURSION = YES;
				CLANG_WARN_INT_CONVERSION = YES;
				CLANG_WARN_NON_LITERAL_NULL_CONVERSION = YES;
				CLANG_WARN_OBJC_IMPLICIT_RETAIN_SELF = YES;
				CLANG_WARN_OBJC_LITERAL_CONVERSION = YES;
				CLANG_WARN_OBJC_ROOT_CLASS = YES_ERROR;
				CLANG_WARN_QUOTED_INCLUDE_IN_FRAMEWORK_HEADER = YES;
				CLANG_WARN_RANGE_LOOP_ANALYSIS = YES;
				CLANG_WARN_STRICT_PROTOTYPES = YES;
				CLANG_WARN_SUSPICIOUS_MOVE = YES;
				CLANG_WARN_UNGUARDED_AVAILABILITY = YES_AGGRESSIVE;
				CLANG_WARN_UNREACHABLE_CODE = YES;
				CLANG_WARN__DUPLICATE_METHOD_MATCH = YES;
				COPY_PHASE_STRIP = NO;
				DEBUG_INFORMATION_FORMAT = dwarf;
				ENABLE_STRICT_OBJC_MSGSEND = YES;
				ENABLE_TESTABILITY = YES;
				ENABLE_USER_SCRIPT_SANDBOXING = YES;
				GCC_C_LANGUAGE_STANDARD = gnu17;
				GCC_DYNAMIC_NO_PIC = NO;
				GCC_NO_COMMON_BLOCKS = YES;
				GCC_OPTIMIZATION_LEVEL = 0;
				GCC_PREPROCESSOR_DEFINITIONS = (
					"DEBUG=1",
					"$(inherited)",
				);
				GCC_WARN_64_TO_32_BIT_CONVERSION = YES;
				GCC_WARN_ABOUT_RETURN_TYPE = YES_ERROR;
				GCC_WARN_UNDECLARED_SELECTOR = YES;
				GCC_WARN_UNINITIALIZED_AUTOS = YES_AGGRESSIVE;
				GCC_WARN_UNUSED_FUNCTION = YES;
				GCC_WARN_UNUSED_VARIABLE = YES;
				IPHONEOS_DEPLOYMENT_TARGET = 18.0;
				LOCALIZATION_PREFERS_STRING_CATALOGS = YES;
				MTL_ENABLE_DEBUG_INFO = INCLUDE_SOURCE;
				MTL_FAST_MATH = YES;
				ONLY_ACTIVE_ARCH = YES;
				SDKROOT = iphoneos;
				SWIFT_ACTIVE_COMPILATION_CONDITIONS = "DEBUG $(inherited)";
				SWIFT_OPTIMIZATION_LEVEL = "-Onone";
			};
			name = Debug;
		};
		56D6FDEC2DF91C1000E6BF6C /* Release */ = {
			isa = XCBuildConfiguration;
			buildSettings = {
				ALWAYS_SEARCH_USER_PATHS = NO;
				ASSETCATALOG_COMPILER_GENERATE_SWIFT_ASSET_SYMBOL_EXTENSIONS = YES;
				CLANG_ANALYZER_NONNULL = YES;
				CLANG_ANALYZER_NUMBER_OBJECT_CONVERSION = YES_AGGRESSIVE;
				CLANG_CXX_LANGUAGE_STANDARD = "gnu++20";
				CLANG_ENABLE_MODULES = YES;
				CLANG_ENABLE_OBJC_ARC = YES;
				CLANG_ENABLE_OBJC_WEAK = YES;
				CLANG_WARN_BLOCK_CAPTURE_AUTORELEASING = YES;
				CLANG_WARN_BOOL_CONVERSION = YES;
				CLANG_WARN_COMMA = YES;
				CLANG_WARN_CONSTANT_CONVERSION = YES;
				CLANG_WARN_DEPRECATED_OBJC_IMPLEMENTATIONS = YES;
				CLANG_WARN_DIRECT_OBJC_ISA_USAGE = YES_ERROR;
				CLANG_WARN_DOCUMENTATION_COMMENTS = YES;
				CLANG_WARN_EMPTY_BODY = YES;
				CLANG_WARN_ENUM_CONVERSION = YES;
				CLANG_WARN_INFINITE_RECURSION = YES;
				CLANG_WARN_INT_CONVERSION = YES;
				CLANG_WARN_NON_LITERAL_NULL_CONVERSION = YES;
				CLANG_WARN_OBJC_IMPLICIT_RETAIN_SELF = YES;
				CLANG_WARN_OBJC_LITERAL_CONVERSION = YES;
				CLANG_WARN_OBJC_ROOT_CLASS = YES_ERROR;
				CLANG_WARN_QUOTED_INCLUDE_IN_FRAMEWORK_HEADER = YES;
				CLANG_WARN_RANGE_LOOP_ANALYSIS = YES;
				CLANG_WARN_STRICT_PROTOTYPES = YES;
				CLANG_WARN_SUSPICIOUS_MOVE = YES;
				CLANG_WARN_UNGUARDED_AVAILABILITY = YES_AGGRESSIVE;
				CLANG_WARN_UNREACHABLE_CODE = YES;
				CLANG_WARN__DUPLICATE_METHOD_MATCH = YES;
				COPY_PHASE_STRIP = NO;
				DEBUG_INFORMATION_FORMAT = "dwarf-with-dsym";
				ENABLE_NS_ASSERTIONS = NO;
				ENABLE_STRICT_OBJC_MSGSEND = YES;
				ENABLE_USER_SCRIPT_SANDBOXING = YES;
				GCC_C_LANGUAGE_STANDARD = gnu17;
				GCC_NO_COMMON_BLOCKS = YES;
				GCC_WARN_64_TO_32_BIT_CONVERSION = YES;
				GCC_WARN_ABOUT_RETURN_TYPE = YES_ERROR;
				GCC_WARN_UNDECLARED_SELECTOR = YES;
				GCC_WARN_UNINITIALIZED_AUTOS = YES_AGGRESSIVE;
				GCC_WARN_UNUSED_FUNCTION = YES;
				GCC_WARN_UNUSED_VARIABLE = YES;
				IPHONEOS_DEPLOYMENT_TARGET = 18.0;
				LOCALIZATION_PREFERS_STRING_CATALOGS = YES;
				MTL_ENABLE_DEBUG_INFO = NO;
				MTL_FAST_MATH = YES;
				SDKROOT = iphoneos;
				SWIFT_COMPILATION_MODE = wholemodule;
				VALIDATE_PRODUCT = YES;
			};
			name = Release;
		};
		56D6FDEE2DF91C1000E6BF6C /* Debug */ = {
			isa = XCBuildConfiguration;
			buildSettings = {
				ASSETCATALOG_COMPILER_APPICON_NAME = AppIcon;
				ASSETCATALOG_COMPILER_GLOBAL_ACCENT_COLOR_NAME = AccentColor;
				CODE_SIGN_STYLE = Automatic;
				CURRENT_PROJECT_VERSION = 1;
				DEVELOPMENT_ASSET_PATHS = "\"SwiftUI_Question_Example/Preview Content\"";
				DEVELOPMENT_TEAM = R86HU6EWX5;
				ENABLE_PREVIEWS = YES;
				GENERATE_INFOPLIST_FILE = YES;
				INFOPLIST_KEY_UIApplicationSceneManifest_Generation = YES;
				INFOPLIST_KEY_UIApplicationSupportsIndirectInputEvents = YES;
				INFOPLIST_KEY_UILaunchScreen_Generation = YES;
				INFOPLIST_KEY_UISupportedInterfaceOrientations_iPad = "UIInterfaceOrientationPortrait UIInterfaceOrientationPortraitUpsideDown UIInterfaceOrientationLandscapeLeft UIInterfaceOrientationLandscapeRight";
				INFOPLIST_KEY_UISupportedInterfaceOrientations_iPhone = "UIInterfaceOrientationPortrait UIInterfaceOrientationLandscapeLeft UIInterfaceOrientationLandscapeRight";
				IPHONEOS_DEPLOYMENT_TARGET = 15.6;
				LD_RUNPATH_SEARCH_PATHS = (
					"$(inherited)",
					"@executable_path/Frameworks",
				);
				MACOSX_DEPLOYMENT_TARGET = 11.5;
				MARKETING_VERSION = 1.0;
				PRODUCT_BUNDLE_IDENTIFIER = "Allian.SwiftUI-Question-Example";
				PRODUCT_NAME = "$(TARGET_NAME)";
				SWIFT_EMIT_LOC_STRINGS = YES;
				SWIFT_VERSION = 5.0;
				TARGETED_DEVICE_FAMILY = "1,2";
			};
			name = Debug;
		};
		56D6FDEF2DF91C1000E6BF6C /* Release */ = {
			isa = XCBuildConfiguration;
			buildSettings = {
				ASSETCATALOG_COMPILER_APPICON_NAME = AppIcon;
				ASSETCATALOG_COMPILER_GLOBAL_ACCENT_COLOR_NAME = AccentColor;
				CODE_SIGN_STYLE = Automatic;
				CURRENT_PROJECT_VERSION = 1;
				DEVELOPMENT_ASSET_PATHS = "\"SwiftUI_Question_Example/Preview Content\"";
				DEVELOPMENT_TEAM = R86HU6EWX5;
				ENABLE_PREVIEWS = YES;
				GENERATE_INFOPLIST_FILE = YES;
				INFOPLIST_KEY_UIApplicationSceneManifest_Generation = YES;
				INFOPLIST_KEY_UIApplicationSupportsIndirectInputEvents = YES;
				INFOPLIST_KEY_UILaunchScreen_Generation = YES;
				INFOPLIST_KEY_UISupportedInterfaceOrientations_iPad = "UIInterfaceOrientationPortrait UIInterfaceOrientationPortraitUpsideDown UIInterfaceOrientationLandscapeLeft UIInterfaceOrientationLandscapeRight";
				INFOPLIST_KEY_UISupportedInterfaceOrientations_iPhone = "UIInterfaceOrientationPortrait UIInterfaceOrientationLandscapeLeft UIInterfaceOrientationLandscapeRight";
				IPHONEOS_DEPLOYMENT_TARGET = 15.6;
				LD_RUNPATH_SEARCH_PATHS = (
					"$(inherited)",
					"@executable_path/Frameworks",
				);
				MACOSX_DEPLOYMENT_TARGET = 11.5;
				MARKETING_VERSION = 1.0;
				PRODUCT_BUNDLE_IDENTIFIER = "Allian.SwiftUI-Question-Example";
				PRODUCT_NAME = "$(TARGET_NAME)";
				SWIFT_EMIT_LOC_STRINGS = YES;
				SWIFT_VERSION = 5.0;
				TARGETED_DEVICE_FAMILY = "1,2";
			};
			name = Release;
		};
/* End XCBuildConfiguration section */

/* Begin XCConfigurationList section */
		56D6FDDA2DF91C0D00E6BF6C /* Build configuration list for PBXProject "SwiftUI_Question_Example" */ = {
			isa = XCConfigurationList;
			buildConfigurations = (
				56D6FDEB2DF91C1000E6BF6C /* Debug */,
				56D6FDEC2DF91C1000E6BF6C /* Release */,
			);
			defaultConfigurationIsVisible = 0;
			defaultConfigurationName = Release;
		};
		56D6FDED2DF91C1000E6BF6C /* Build configuration list for PBXNativeTarget "SwiftUI_Question_Example" */ = {
			isa = XCConfigurationList;
			buildConfigurations = (
				56D6FDEE2DF91C1000E6BF6C /* Debug */,
				56D6FDEF2DF91C1000E6BF6C /* Release */,
			);
			defaultConfigurationIsVisible = 0;
			defaultConfigurationName = Release;
		};
/* End XCConfigurationList section */
	};
	rootObject = 56D6FDD72DF91C0D00E6BF6C /* Project object */;
}
